
Microsoft Visual Studio Solution File, Format Version 12.00
# Visual Studio Version 17
VisualStudioVersion = 17.11.35312.102
MinimumVisualStudioVersion = 10.0.40219.1
Project("{FAE04EC0-301F-11D3-BF4B-00C04F79EFBC}") = "Wifi Remote", "Wifi Remote\Wifi Remote.csproj", "{30C82D97-CCF0-4E4A-A4D7-1D7862B24DEE}"
EndProject
Global
	GlobalSection(SolutionConfigurationPlatforms) = preSolution
		Debug|Any CPU = Debug|Any CPU
		Release|Any CPU = Release|Any CPU
	EndGlobalSection
	GlobalSection(ProjectConfigurationPlatforms) = postSolution
		{30C82D97-CCF0-4E4A-A4D7-1D7862B24DEE}.Debug|Any CPU.ActiveCfg = Debug|Any CPU
		{30C82D97-CCF0-4E4A-A4D7-1D7862B24DEE}.Debug|Any CPU.Build.0 = Debug|Any CPU
		{30C82D97-CCF0-4E4A-A4D7-1D7862B24DEE}.Debug|Any CPU.Deploy.0 = Debug|Any CPU
		{30C82D97-CCF0-4E4A-A4D7-1D7862B24DEE}.Release|Any CPU.ActiveCfg = Release|Any CPU
		{30C82D97-CCF0-4E4A-A4D7-1D7862B24DEE}.Release|Any CPU.Build.0 = Release|Any CPU
		{30C82D97-CCF0-4E4A-A4D7-1D7862B24DEE}.Release|Any CPU.Deploy.0 = Release|Any CPU
	EndGlobalSection
	GlobalSection(SolutionProperties) = preSolution
		HideSolutionNode = FALSE
	EndGlobalSection
	GlobalSection(ExtensibilityGlobals) = postSolution
		SolutionGuid = {C492E7A7-D43C-41B4-929E-53D31643A280}
	EndGlobalSection
EndGlobal
